
Microsoft Visual Studio Solution File, Format Version 12.00
# Visual Studio Version 16
VisualStudioVersion = 16.0.29509.3
MinimumVisualStudioVersion = 10.0.40219.1
Project("{FAE04EC0-301F-11D3-BF4B-00C04F79EFBC}") = "SoundToPhone", "SoundToPhone\SoundToPhone.csproj", "{6A444AE7-9FEB-438D-8B09-F68CC994F93B}"
EndProject
Global
	GlobalSection(SolutionConfigurationPlatforms) = preSolution
		Debug|Any CPU = Debug|Any CPU
		Release|Any CPU = Release|Any CPU
	EndGlobalSection
	GlobalSection(ProjectConfigurationPlatforms) = postSolution
		{6A444AE7-9FEB-438D-8B09-F68CC994F93B}.Debug|Any CPU.ActiveCfg = Debug|Any CPU
		{6A444AE7-9FEB-438D-8B09-F68CC994F93B}.Debug|Any CPU.Build.0 = Debug|Any CPU
		{6A444AE7-9FEB-438D-8B09-F68CC994F93B}.Release|Any CPU.ActiveCfg = Release|Any CPU
		{6A444AE7-9FEB-438D-8B09-F68CC994F93B}.Release|Any CPU.Build.0 = Release|Any CPU
	EndGlobalSection
	GlobalSection(SolutionProperties) = preSolution
		HideSolutionNode = FALSE
	EndGlobalSection
	GlobalSection(ExtensibilityGlobals) = postSolution
		SolutionGuid = {56770872-78DC-46C2-A1F6-0F1233D2ED3D}
	EndGlobalSection
EndGlobal
